// !$*UTF8*$!
{
	archiveVersion = 1;
	classes = {
	};
	objectVersion = 50;
	objects = {

/* Begin PBXBuildFile section */
		A384D46B20EBCBD500EBCABC /* AppDelegate.m in Sources */ = {isa = PBXBuildFile; fileRef = A384D46A20EBCBD500EBCABC /* AppDelegate.m */; };
		A384D46D20EBCBD500EBCABC /* art.scnassets in Resources */ = {isa = PBXBuildFile; fileRef = A384D46C20EBCBD500EBCABC /* art.scnassets */; };
		A384D47020EBCBD500EBCABC /* ViewController.m in Sources */ = {isa = PBXBuildFile; fileRef = A384D46F20EBCBD500EBCABC /* ViewController.m */; };
		A384D47320EBCBD500EBCABC /* Main.storyboard in Resources */ = {isa = PBXBuildFile; fileRef = A384D47120EBCBD500EBCABC /* Main.storyboard */; };
		A384D47520EBCBD600EBCABC /* Assets.xcassets in Resources */ = {isa = PBXBuildFile; fileRef = A384D47420EBCBD600EBCABC /* Assets.xcassets */; };
		A384D47820EBCBD600EBCABC /* LaunchScreen.storyboard in Resources */ = {isa = PBXBuildFile; fileRef = A384D47620EBCBD600EBCABC /* LaunchScreen.storyboard */; };
		A384D47B20EBCBD600EBCABC /* main.m in Sources */ = {isa = PBXBuildFile; fileRef = A384D47A20EBCBD600EBCABC /* main.m */; };
		A384D48520EBCBD600EBCABC /* testObjcARTests.m in Sources */ = {isa = PBXBuildFile; fileRef = A384D48420EBCBD600EBCABC /* testObjcARTests.m */; };
		A384D49020EBCBD600EBCABC /* testObjcARUITests.m in Sources */ = {isa = PBXBuildFile; fileRef = A384D48F20EBCBD600EBCABC /* testObjcARUITests.m */; };
/* End PBXBuildFile section */

/* Begin PBXContainerItemProxy section */
		A384D48120EBCBD600EBCABC /* PBXContainerItemProxy */ = {
			isa = PBXContainerItemProxy;
			containerPortal = A384D45E20EBCBD500EBCABC /* Project object */;
			proxyType = 1;
			remoteGlobalIDString = A384D46520EBCBD500EBCABC;
			remoteInfo = testObjcAR;
		};
		A384D48C20EBCBD600EBCABC /* PBXContainerItemProxy */ = {
			isa = PBXContainerItemProxy;
			containerPortal = A384D45E20EBCBD500EBCABC /* Project object */;
			proxyType = 1;
			remoteGlobalIDString = A384D46520EBCBD500EBCABC;
			remoteInfo = testObjcAR;
		};
/* End PBXContainerItemProxy section */

/* Begin PBXFileReference section */
		A384D46620EBCBD500EBCABC /* testObjcAR.app */ = {isa = PBXFileReference; explicitFileType = wrapper.application; includeInIndex = 0; path = testObjcAR.app; sourceTree = BUILT_PRODUCTS_DIR; };
		A384D46920EBCBD500EBCABC /* AppDelegate.h */ = {isa = PBXFileReference; lastKnownFileType = sourcecode.c.h; path = AppDelegate.h; sourceTree = "<group>"; };
		A384D46A20EBCBD500EBCABC /* AppDelegate.m */ = {isa = PBXFileReference; lastKnownFileType = sourcecode.c.objc; path = AppDelegate.m; sourceTree = "<group>"; };
		A384D46C20EBCBD500EBCABC /* art.scnassets */ = {isa = PBXFileReference; lastKnownFileType = wrapper.scnassets; path = art.scnassets; sourceTree = "<group>"; };
		A384D46E20EBCBD500EBCABC /* ViewController.h */ = {isa = PBXFileReference; lastKnownFileType = sourcecode.c.h; path = ViewController.h; sourceTree = "<group>"; };
		A384D46F20EBCBD500EBCABC /* ViewController.m */ = {isa = PBXFileReference; lastKnownFileType = sourcecode.c.objc; path = ViewController.m; sourceTree = "<group>"; };
		A384D47220EBCBD500EBCABC /* Base */ = {isa = PBXFileReference; lastKnownFileType = file.storyboard; name = Base; path = Base.lproj/Main.storyboard; sourceTree = "<group>"; };
		A384D47420EBCBD600EBCABC /* Assets.xcassets */ = {isa = PBXFileReference; lastKnownFileType = folder.assetcatalog; path = Assets.xcassets; sourceTree = "<group>"; };
		A384D47720EBCBD600EBCABC /* Base */ = {isa = PBXFileReference; lastKnownFileType = file.storyboard; name = Base; path = Base.lproj/LaunchScreen.storyboard; sourceTree = "<group>"; };
		A384D47920EBCBD600EBCABC /* Info.plist */ = {isa = PBXFileReference; lastKnownFileType = text.plist.xml; path = Info.plist; sourceTree = "<group>"; };
		A384D47A20EBCBD600EBCABC /* main.m */ = {isa = PBXFileReference; lastKnownFileType = sourcecode.c.objc; path = main.m; sourceTree = "<group>"; };
		A384D48020EBCBD600EBCABC /* testObjcARTests.xctest */ = {isa = PBXFileReference; explicitFileType = wrapper.cfbundle; includeInIndex = 0; path = testObjcARTests.xctest; sourceTree = BUILT_PRODUCTS_DIR; };
		A384D48420EBCBD600EBCABC /* testObjcARTests.m */ = {isa = PBXFileReference; lastKnownFileType = sourcecode.c.objc; path = testObjcARTests.m; sourceTree = "<group>"; };
		A384D48620EBCBD600EBCABC /* Info.plist */ = {isa = PBXFileReference; lastKnownFileType = text.plist.xml; path = Info.plist; sourceTree = "<group>"; };
		A384D48B20EBCBD600EBCABC /* testObjcARUITests.xctest */ = {isa = PBXFileReference; explicitFileType = wrapper.cfbundle; includeInIndex = 0; path = testObjcARUITests.xctest; sourceTree = BUILT_PRODUCTS_DIR; };
		A384D48F20EBCBD600EBCABC /* testObjcARUITests.m */ = {isa = PBXFileReference; lastKnownFileType = sourcecode.c.objc; path = testObjcARUITests.m; sourceTree = "<group>"; };
		A384D49120EBCBD600EBCABC /* Info.plist */ = {isa = PBXFileReference; lastKnownFileType = text.plist.xml; path = Info.plist; sourceTree = "<group>"; };
/* End PBXFileReference section */

/* Begin PBXFrameworksBuildPhase section */
		A384D46320EBCBD500EBCABC /* Frameworks */ = {
			isa = PBXFrameworksBuildPhase;
			buildActionMask = 2147483647;
			files = (
			);
			runOnlyForDeploymentPostprocessing = 0;
		};
		A384D47D20EBCBD600EBCABC /* Frameworks */ = {
			isa = PBXFrameworksBuildPhase;
			buildActionMask = 2147483647;
			files = (
			);
			runOnlyForDeploymentPostprocessing = 0;
		};
		A384D48820EBCBD600EBCABC /* Frameworks */ = {
			isa = PBXFrameworksBuildPhase;
			buildActionMask = 2147483647;
			files = (
			);
			runOnlyForDeploymentPostprocessing = 0;
		};
/* End PBXFrameworksBuildPhase section */

/* Begin PBXGroup section */
		A384D45D20EBCBD500EBCABC = {
			isa = PBXGroup;
			children = (
				A384D46820EBCBD500EBCABC /* testObjcAR */,
				A384D48320EBCBD600EBCABC /* testObjcARTests */,
				A384D48E20EBCBD600EBCABC /* testObjcARUITests */,
				A384D46720EBCBD500EBCABC /* Products */,
			);
			sourceTree = "<group>";
		};
		A384D46720EBCBD500EBCABC /* Products */ = {
			isa = PBXGroup;
			children = (
				A384D46620EBCBD500EBCABC /* testObjcAR.app */,
				A384D48020EBCBD600EBCABC /* testObjcARTests.xctest */,
				A384D48B20EBCBD600EBCABC /* testObjcARUITests.xctest */,
			);
			name = Products;
			sourceTree = "<group>";
		};
		A384D46820EBCBD500EBCABC /* testObjcAR */ = {
			isa = PBXGroup;
			children = (
				A384D46920EBCBD500EBCABC /* AppDelegate.h */,
				A384D46A20EBCBD500EBCABC /* AppDelegate.m */,
				A384D46C20EBCBD500EBCABC /* art.scnassets */,
				A384D46E20EBCBD500EBCABC /* ViewController.h */,
				A384D46F20EBCBD500EBCABC /* ViewController.m */,
				A384D47120EBCBD500EBCABC /* Main.storyboard */,
				A384D47420EBCBD600EBCABC /* Assets.xcassets */,
				A384D47620EBCBD600EBCABC /* LaunchScreen.storyboard */,
				A384D47920EBCBD600EBCABC /* Info.plist */,
				A384D47A20EBCBD600EBCABC /* main.m */,
			);
			path = testObjcAR;
			sourceTree = "<group>";
		};
		A384D48320EBCBD600EBCABC /* testObjcARTests */ = {
			isa = PBXGroup;
			children = (
				A384D48420EBCBD600EBCABC /* testObjcARTests.m */,
				A384D48620EBCBD600EBCABC /* Info.plist */,
			);
			path = testObjcARTests;
			sourceTree = "<group>";
		};
		A384D48E20EBCBD600EBCABC /* testObjcARUITests */ = {
			isa = PBXGroup;
			children = (
				A384D48F20EBCBD600EBCABC /* testObjcARUITests.m */,
				A384D49120EBCBD600EBCABC /* Info.plist */,
			);
			path = testObjcARUITests;
			sourceTree = "<group>";
		};
/* End PBXGroup section */

/* Begin PBXNativeTarget section */
		A384D46520EBCBD500EBCABC /* testObjcAR */ = {
			isa = PBXNativeTarget;
			buildConfigurationList = A384D49420EBCBD600EBCABC /* Build configuration list for PBXNativeTarget "testObjcAR" */;
			buildPhases = (
				A384D46220EBCBD500EBCABC /* Sources */,
				A384D46320EBCBD500EBCABC /* Frameworks */,
				A384D46420EBCBD500EBCABC /* Resources */,
			);
			buildRules = (
			);
			dependencies = (
			);
			name = testObjcAR;
			productName = testObjcAR;
			productReference = A384D46620EBCBD500EBCABC /* testObjcAR.app */;
			productType = "com.apple.product-type.application";
		};
		A384D47F20EBCBD600EBCABC /* testObjcARTests */ = {
			isa = PBXNativeTarget;
			buildConfigurationList = A384D49720EBCBD600EBCABC /* Build configuration list for PBXNativeTarget "testObjcARTests" */;
			buildPhases = (
				A384D47C20EBCBD600EBCABC /* Sources */,
				A384D47D20EBCBD600EBCABC /* Frameworks */,
				A384D47E20EBCBD600EBCABC /* Resources */,
			);
			buildRules = (
			);
			dependencies = (
				A384D48220EBCBD600EBCABC /* PBXTargetDependency */,
			);
			name = testObjcARTests;
			productName = testObjcARTests;
			productReference = A384D48020EBCBD600EBCABC /* testObjcARTests.xctest */;
			productType = "com.apple.product-type.bundle.unit-test";
		};
		A384D48A20EBCBD600EBCABC /* testObjcARUITests */ = {
			isa = PBXNativeTarget;
			buildConfigurationList = A384D49A20EBCBD600EBCABC /* Build configuration list for PBXNativeTarget "testObjcARUITests" */;
			buildPhases = (
				A384D48720EBCBD600EBCABC /* Sources */,
				A384D48820EBCBD600EBCABC /* Frameworks */,
				A384D48920EBCBD600EBCABC /* Resources */,
			);
			buildRules = (
			);
			dependencies = (
				A384D48D20EBCBD600EBCABC /* PBXTargetDependency */,
			);
			name = testObjcARUITests;
			productName = testObjcARUITests;
			productReference = A384D48B20EBCBD600EBCABC /* testObjcARUITests.xctest */;
			productType = "com.apple.product-type.bundle.ui-testing";
		};
/* End PBXNativeTarget section */

/* Begin PBXProject section */
		A384D45E20EBCBD500EBCABC /* Project object */ = {
			isa = PBXProject;
			attributes = {
				LastUpgradeCheck = 1000;
				ORGANIZATIONNAME = "有本淳吾";
				TargetAttributes = {
					A384D46520EBCBD500EBCABC = {
						CreatedOnToolsVersion = 10.0;
					};
					A384D47F20EBCBD600EBCABC = {
						CreatedOnToolsVersion = 10.0;
						TestTargetID = A384D46520EBCBD500EBCABC;
					};
					A384D48A20EBCBD600EBCABC = {
						CreatedOnToolsVersion = 10.0;
						TestTargetID = A384D46520EBCBD500EBCABC;
					};
				};
			};
			buildConfigurationList = A384D46120EBCBD500EBCABC /* Build configuration list for PBXProject "testObjcAR" */;
			compatibilityVersion = "Xcode 9.3";
			developmentRegion = en;
			hasScannedForEncodings = 0;
			knownRegions = (
				en,
				Base,
			);
			mainGroup = A384D45D20EBCBD500EBCABC;
			productRefGroup = A384D46720EBCBD500EBCABC /* Products */;
			projectDirPath = "";
			projectRoot = "";
			targets = (
				A384D46520EBCBD500EBCABC /* testObjcAR */,
				A384D47F20EBCBD600EBCABC /* testObjcARTests */,
				A384D48A20EBCBD600EBCABC /* testObjcARUITests */,
			);
		};
/* End PBXProject section */

/* Begin PBXResourcesBuildPhase section */
		A384D46420EBCBD500EBCABC /* Resources */ = {
			isa = PBXResourcesBuildPhase;
			buildActionMask = 2147483647;
			files = (
				A384D46D20EBCBD500EBCABC /* art.scnassets in Resources */,
				A384D47820EBCBD600EBCABC /* LaunchScreen.storyboard in Resources */,
				A384D47520EBCBD600EBCABC /* Assets.xcassets in Resources */,
				A384D47320EBCBD500EBCABC /* Main.storyboard in Resources */,
			);
			runOnlyForDeploymentPostprocessing = 0;
		};
		A384D47E20EBCBD600EBCABC /* Resources */ = {
			isa = PBXResourcesBuildPhase;
			buildActionMask = 2147483647;
			files = (
			);
			runOnlyForDeploymentPostprocessing = 0;
		};
		A384D48920EBCBD600EBCABC /* Resources */ = {
			isa = PBXResourcesBuildPhase;
			buildActionMask = 2147483647;
			files = (
			);
			runOnlyForDeploymentPostprocessing = 0;
		};
/* End PBXResourcesBuildPhase section */

/* Begin PBXSourcesBuildPhase section */
		A384D46220EBCBD500EBCABC /* Sources */ = {
			isa = PBXSourcesBuildPhase;
			buildActionMask = 2147483647;
			files = (
				A384D47020EBCBD500EBCABC /* ViewController.m in Sources */,
				A384D47B20EBCBD600EBCABC /* main.m in Sources */,
				A384D46B20EBCBD500EBCABC /* AppDelegate.m in Sources */,
			);
			runOnlyForDeploymentPostprocessing = 0;
		};
		A384D47C20EBCBD600EBCABC /* Sources */ = {
			isa = PBXSourcesBuildPhase;
			buildActionMask = 2147483647;
			files = (
				A384D48520EBCBD600EBCABC /* testObjcARTests.m in Sources */,
			);
			runOnlyForDeploymentPostprocessing = 0;
		};
		A384D48720EBCBD600EBCABC /* Sources */ = {
			isa = PBXSourcesBuildPhase;
			buildActionMask = 2147483647;
			files = (
				A384D49020EBCBD600EBCABC /* testObjcARUITests.m in Sources */,
			);
			runOnlyForDeploymentPostprocessing = 0;
		};
/* End PBXSourcesBuildPhase section */

/* Begin PBXTargetDependency section */
		A384D48220EBCBD600EBCABC /* PBXTargetDependency */ = {
			isa = PBXTargetDependency;
			target = A384D46520EBCBD500EBCABC /* testObjcAR */;
			targetProxy = A384D48120EBCBD600EBCABC /* PBXContainerItemProxy */;
		};
		A384D48D20EBCBD600EBCABC /* PBXTargetDependency */ = {
			isa = PBXTargetDependency;
			target = A384D46520EBCBD500EBCABC /* testObjcAR */;
			targetProxy = A384D48C20EBCBD600EBCABC /* PBXContainerItemProxy */;
		};
/* End PBXTargetDependency section */

/* Begin PBXVariantGroup section */
		A384D47120EBCBD500EBCABC /* Main.storyboard */ = {
			isa = PBXVariantGroup;
			children = (
				A384D47220EBCBD500EBCABC /* Base */,
			);
			name = Main.storyboard;
			sourceTree = "<group>";
		};
		A384D47620EBCBD600EBCABC /* LaunchScreen.storyboard */ = {
			isa = PBXVariantGroup;
			children = (
				A384D47720EBCBD600EBCABC /* Base */,
			);
			name = LaunchScreen.storyboard;
			sourceTree = "<group>";
		};
/* End PBXVariantGroup section */

/* Begin XCBuildConfiguration section */
		A384D49220EBCBD600EBCABC /* Debug */ = {
			isa = XCBuildConfiguration;
			buildSettings = {
				ALWAYS_SEARCH_USER_PATHS = NO;
				CLANG_ANALYZER_NONNULL = YES;
				CLANG_ANALYZER_NUMBER_OBJECT_CONVERSION = YES_AGGRESSIVE;
				CLANG_CXX_LANGUAGE_STANDARD = "gnu++14";
				CLANG_CXX_LIBRARY = "libc++";
				CLANG_ENABLE_MODULES = YES;
				CLANG_ENABLE_OBJC_ARC = YES;
				CLANG_ENABLE_OBJC_WEAK = YES;
				CLANG_WARN_BLOCK_CAPTURE_AUTORELEASING = YES;
				CLANG_WARN_BOOL_CONVERSION = YES;
				CLANG_WARN_COMMA = YES;
				CLANG_WARN_CONSTANT_CONVERSION = YES;
				CLANG_WARN_DEPRECATED_OBJC_IMPLEMENTATIONS = YES;
				CLANG_WARN_DIRECT_OBJC_ISA_USAGE = YES_ERROR;
				CLANG_WARN_DOCUMENTATION_COMMENTS = YES;
				CLANG_WARN_EMPTY_BODY = YES;
				CLANG_WARN_ENUM_CONVERSION = YES;
				CLANG_WARN_INFINITE_RECURSION = YES;
				CLANG_WARN_INT_CONVERSION = YES;
				CLANG_WARN_NON_LITERAL_NULL_CONVERSION = YES;
				CLANG_WARN_OBJC_IMPLICIT_RETAIN_SELF = YES;
				CLANG_WARN_OBJC_LITERAL_CONVERSION = YES;
				CLANG_WARN_OBJC_ROOT_CLASS = YES_ERROR;
				CLANG_WARN_RANGE_LOOP_ANALYSIS = YES;
				CLANG_WARN_STRICT_PROTOTYPES = YES;
				CLANG_WARN_SUSPICIOUS_MOVE = YES;
				CLANG_WARN_UNGUARDED_AVAILABILITY = YES_AGGRESSIVE;
				CLANG_WARN_UNREACHABLE_CODE = YES;
				CLANG_WARN__DUPLICATE_METHOD_MATCH = YES;
				CODE_SIGN_IDENTITY = "iPhone Developer";
				COPY_PHASE_STRIP = NO;
				DEBUG_INFORMATION_FORMAT = dwarf;
				ENABLE_STRICT_OBJC_MSGSEND = YES;
				ENABLE_TESTABILITY = YES;
				GCC_C_LANGUAGE_STANDARD = gnu11;
				GCC_DYNAMIC_NO_PIC = NO;
				GCC_NO_COMMON_BLOCKS = YES;
				GCC_OPTIMIZATION_LEVEL = 0;
				GCC_PREPROCESSOR_DEFINITIONS = (
					"DEBUG=1",
					"$(inherited)",
				);
				GCC_WARN_64_TO_32_BIT_CONVERSION = YES;
				GCC_WARN_ABOUT_RETURN_TYPE = YES_ERROR;
				GCC_WARN_UNDECLARED_SELECTOR = YES;
				GCC_WARN_UNINITIALIZED_AUTOS = YES_AGGRESSIVE;
				GCC_WARN_UNUSED_FUNCTION = YES;
				GCC_WARN_UNUSED_VARIABLE = YES;
				IPHONEOS_DEPLOYMENT_TARGET = 12.0;
				MTL_ENABLE_DEBUG_INFO = INCLUDE_SOURCE;
				ONLY_ACTIVE_ARCH = YES;
				SDKROOT = iphoneos;
			};
			name = Debug;
		};
		A384D49320EBCBD600EBCABC /* Release */ = {
			isa = XCBuildConfiguration;
			buildSettings = {
				ALWAYS_SEARCH_USER_PATHS = NO;
				CLANG_ANALYZER_NONNULL = YES;
				CLANG_ANALYZER_NUMBER_OBJECT_CONVERSION = YES_AGGRESSIVE;
				CLANG_CXX_LANGUAGE_STANDARD = "gnu++14";
				CLANG_CXX_LIBRARY = "libc++";
				CLANG_ENABLE_MODULES = YES;
				CLANG_ENABLE_OBJC_ARC = YES;
				CLANG_ENABLE_OBJC_WEAK = YES;
				CLANG_WARN_BLOCK_CAPTURE_AUTORELEASING = YES;
				CLANG_WARN_BOOL_CONVERSION = YES;
				CLANG_WARN_COMMA = YES;
				CLANG_WARN_CONSTANT_CONVERSION = YES;
				CLANG_WARN_DEPRECATED_OBJC_IMPLEMENTATIONS = YES;
				CLANG_WARN_DIRECT_OBJC_ISA_USAGE = YES_ERROR;
				CLANG_WARN_DOCUMENTATION_COMMENTS = YES;
				CLANG_WARN_EMPTY_BODY = YES;
				CLANG_WARN_ENUM_CONVERSION = YES;
				CLANG_WARN_INFINITE_RECURSION = YES;
				CLANG_WARN_INT_CONVERSION = YES;
				CLANG_WARN_NON_LITERAL_NULL_CONVERSION = YES;
				CLANG_WARN_OBJC_IMPLICIT_RETAIN_SELF = YES;
				CLANG_WARN_OBJC_LITERAL_CONVERSION = YES;
				CLANG_WARN_OBJC_ROOT_CLASS = YES_ERROR;
				CLANG_WARN_RANGE_LOOP_ANALYSIS = YES;
				CLANG_WARN_STRICT_PROTOTYPES = YES;
				CLANG_WARN_SUSPICIOUS_MOVE = YES;
				CLANG_WARN_UNGUARDED_AVAILABILITY = YES_AGGRESSIVE;
				CLANG_WARN_UNREACHABLE_CODE = YES;
				CLANG_WARN__DUPLICATE_METHOD_MATCH = YES;
				CODE_SIGN_IDENTITY = "iPhone Developer";
				COPY_PHASE_STRIP = NO;
				DEBUG_INFORMATION_FORMAT = "dwarf-with-dsym";
				ENABLE_NS_ASSERTIONS = NO;
				ENABLE_STRICT_OBJC_MSGSEND = YES;
				GCC_C_LANGUAGE_STANDARD = gnu11;
				GCC_NO_COMMON_BLOCKS = YES;
				GCC_WARN_64_TO_32_BIT_CONVERSION = YES;
				GCC_WARN_ABOUT_RETURN_TYPE = YES_ERROR;
				GCC_WARN_UNDECLARED_SELECTOR = YES;
				GCC_WARN_UNINITIALIZED_AUTOS = YES_AGGRESSIVE;
				GCC_WARN_UNUSED_FUNCTION = YES;
				GCC_WARN_UNUSED_VARIABLE = YES;
				IPHONEOS_DEPLOYMENT_TARGET = 12.0;
				MTL_ENABLE_DEBUG_INFO = NO;
				SDKROOT = iphoneos;
				VALIDATE_PRODUCT = YES;
			};
			name = Release;
		};
		A384D49520EBCBD600EBCABC /* Debug */ = {
			isa = XCBuildConfiguration;
			buildSettings = {
				ASSETCATALOG_COMPILER_APPICON_NAME = AppIcon;
				CODE_SIGN_STYLE = Automatic;
				DEVELOPMENT_TEAM = 424TZ7WCP4;
				INFOPLIST_FILE = testObjcAR/Info.plist;
				LD_RUNPATH_SEARCH_PATHS = (
					"$(inherited)",
					"@executable_path/Frameworks",
				);
				PRODUCT_BUNDLE_IDENTIFIER = com.collindo.testObjcAR;
				PRODUCT_NAME = "$(TARGET_NAME)";
				TARGETED_DEVICE_FAMILY = "1,2";
			};
			name = Debug;
		};
		A384D49620EBCBD600EBCABC /* Release */ = {
			isa = XCBuildConfiguration;
			buildSettings = {
				ASSETCATALOG_COMPILER_APPICON_NAME = AppIcon;
				CODE_SIGN_STYLE = Automatic;
				DEVELOPMENT_TEAM = 424TZ7WCP4;
				INFOPLIST_FILE = testObjcAR/Info.plist;
				LD_RUNPATH_SEARCH_PATHS = (
					"$(inherited)",
					"@executable_path/Frameworks",
				);
				PRODUCT_BUNDLE_IDENTIFIER = com.collindo.testObjcAR;
				PRODUCT_NAME = "$(TARGET_NAME)";
				TARGETED_DEVICE_FAMILY = "1,2";
			};
			name = Release;
		};
		A384D49820EBCBD600EBCABC /* Debug */ = {
			isa = XCBuildConfiguration;
			buildSettings = {
				BUNDLE_LOADER = "$(TEST_HOST)";
				CODE_SIGN_STYLE = Automatic;
				DEVELOPMENT_TEAM = 424TZ7WCP4;
				INFOPLIST_FILE = testObjcARTests/Info.plist;
				LD_RUNPATH_SEARCH_PATHS = (
					"$(inherited)",
					"@executable_path/Frameworks",
					"@loader_path/Frameworks",
				);
				PRODUCT_BUNDLE_IDENTIFIER = com.collindo.testObjcARTests;
				PRODUCT_NAME = "$(TARGET_NAME)";
				TARGETED_DEVICE_FAMILY = "1,2";
				TEST_HOST = "$(BUILT_PRODUCTS_DIR)/testObjcAR.app/testObjcAR";
			};
			name = Debug;
		};
		A384D49920EBCBD600EBCABC /* Release */ = {
			isa = XCBuildConfiguration;
			buildSettings = {
				BUNDLE_LOADER = "$(TEST_HOST)";
				CODE_SIGN_STYLE = Automatic;
				DEVELOPMENT_TEAM = 424TZ7WCP4;
				INFOPLIST_FILE = testObjcARTests/Info.plist;
				LD_RUNPATH_SEARCH_PATHS = (
					"$(inherited)",
					"@executable_path/Frameworks",
					"@loader_path/Frameworks",
				);
				PRODUCT_BUNDLE_IDENTIFIER = com.collindo.testObjcARTests;
				PRODUCT_NAME = "$(TARGET_NAME)";
				TARGETED_DEVICE_FAMILY = "1,2";
				TEST_HOST = "$(BUILT_PRODUCTS_DIR)/testObjcAR.app/testObjcAR";
			};
			name = Release;
		};
		A384D49B20EBCBD600EBCABC /* Debug */ = {
			isa = XCBuildConfiguration;
			buildSettings = {
				CODE_SIGN_STYLE = Automatic;
				DEVELOPMENT_TEAM = 424TZ7WCP4;
				INFOPLIST_FILE = testObjcARUITests/Info.plist;
				LD_RUNPATH_SEARCH_PATHS = (
					"$(inherited)",
					"@executable_path/Frameworks",
					"@loader_path/Frameworks",
				);
				PRODUCT_BUNDLE_IDENTIFIER = com.collindo.testObjcARUITests;
				PRODUCT_NAME = "$(TARGET_NAME)";
				TARGETED_DEVICE_FAMILY = "1,2";
				TEST_TARGET_NAME = testObjcAR;
			};
			name = Debug;
		};
		A384D49C20EBCBD600EBCABC /* Release */ = {
			isa = XCBuildConfiguration;
			buildSettings = {
				CODE_SIGN_STYLE = Automatic;
				DEVELOPMENT_TEAM = 424TZ7WCP4;
				INFOPLIST_FILE = testObjcARUITests/Info.plist;
				LD_RUNPATH_SEARCH_PATHS = (
					"$(inherited)",
					"@executable_path/Frameworks",
					"@loader_path/Frameworks",
				);
				PRODUCT_BUNDLE_IDENTIFIER = com.collindo.testObjcARUITests;
				PRODUCT_NAME = "$(TARGET_NAME)";
				TARGETED_DEVICE_FAMILY = "1,2";
				TEST_TARGET_NAME = testObjcAR;
			};
			name = Release;
		};
/* End XCBuildConfiguration section */

/* Begin XCConfigurationList section */
		A384D46120EBCBD500EBCABC /* Build configuration list for PBXProject "testObjcAR" */ = {
			isa = XCConfigurationList;
			buildConfigurations = (
				A384D49220EBCBD600EBCABC /* Debug */,
				A384D49320EBCBD600EBCABC /* Release */,
			);
			defaultConfigurationIsVisible = 0;
			defaultConfigurationName = Release;
		};
		A384D49420EBCBD600EBCABC /* Build configuration list for PBXNativeTarget "testObjcAR" */ = {
			isa = XCConfigurationList;
			buildConfigurations = (
				A384D49520EBCBD600EBCABC /* Debug */,
				A384D49620EBCBD600EBCABC /* Release */,
			);
			defaultConfigurationIsVisible = 0;
			defaultConfigurationName = Release;
		};
		A384D49720EBCBD600EBCABC /* Build configuration list for PBXNativeTarget "testObjcARTests" */ = {
			isa = XCConfigurationList;
			buildConfigurations = (
				A384D49820EBCBD600EBCABC /* Debug */,
				A384D49920EBCBD600EBCABC /* Release */,
			);
			defaultConfigurationIsVisible = 0;
			defaultConfigurationName = Release;
		};
		A384D49A20EBCBD600EBCABC /* Build configuration list for PBXNativeTarget "testObjcARUITests" */ = {
			isa = XCConfigurationList;
			buildConfigurations = (
				A384D49B20EBCBD600EBCABC /* Debug */,
				A384D49C20EBCBD600EBCABC /* Release */,
			);
			defaultConfigurationIsVisible = 0;
			defaultConfigurationName = Release;
		};
/* End XCConfigurationList section */
	};
	rootObject = A384D45E20EBCBD500EBCABC /* Project object */;
}
